
Microsoft Visual Studio Solution File, Format Version 12.00
# Visual Studio Version 17
VisualStudioVersion = 17.11.35303.130
MinimumVisualStudioVersion = 10.0.40219.1
Project("{8BC9CEB8-8B4A-11D0-8D11-00A0C91BC942}") = "GameServer", "GameServer\GameServer.vcxproj", "{75E95ED1-5E2B-4FC6-8834-2A07C96E4117}"
EndProject
Project("{8BC9CEB8-8B4A-11D0-8D11-00A0C91BC942}") = "DummyClient", "DummyClient\DummyClient.vcxproj", "{49596DDD-7EF5-4545-BFFA-1728E224FC64}"
EndProject
Project("{8BC9CEB8-8B4A-11D0-8D11-00A0C91BC942}") = "ServerCore", "ServerCore\ServerCore.vcxproj", "{2AB8A43A-4343-49A6-8B45-9F7F285F8DF1}"
EndProject
Global
	GlobalSection(SolutionConfigurationPlatforms) = preSolution
		Debug|x64 = Debug|x64
		Debug|x86 = Debug|x86
		Release|x64 = Release|x64
		Release|x86 = Release|x86
	EndGlobalSection
	GlobalSection(ProjectConfigurationPlatforms) = postSolution
		{75E95ED1-5E2B-4FC6-8834-2A07C96E4117}.Debug|x64.ActiveCfg = Debug|x64
		{75E95ED1-5E2B-4FC6-8834-2A07C96E4117}.Debug|x64.Build.0 = Debug|x64
		{75E95ED1-5E2B-4FC6-8834-2A07C96E4117}.Debug|x86.ActiveCfg = Debug|Win32
		{75E95ED1-5E2B-4FC6-8834-2A07C96E4117}.Debug|x86.Build.0 = Debug|Win32
		{75E95ED1-5E2B-4FC6-8834-2A07C96E4117}.Release|x64.ActiveCfg = Release|x64
		{75E95ED1-5E2B-4FC6-8834-2A07C96E4117}.Release|x64.Build.0 = Release|x64
		{75E95ED1-5E2B-4FC6-8834-2A07C96E4117}.Release|x86.ActiveCfg = Release|Win32
		{75E95ED1-5E2B-4FC6-8834-2A07C96E4117}.Release|x86.Build.0 = Release|Win32
		{49596DDD-7EF5-4545-BFFA-1728E224FC64}.Debug|x64.ActiveCfg = Debug|x64
		{49596DDD-7EF5-4545-BFFA-1728E224FC64}.Debug|x64.Build.0 = Debug|x64
		{49596DDD-7EF5-4545-BFFA-1728E224FC64}.Debug|x86.ActiveCfg = Debug|Win32
		{49596DDD-7EF5-4545-BFFA-1728E224FC64}.Debug|x86.Build.0 = Debug|Win32
		{49596DDD-7EF5-4545-BFFA-1728E224FC64}.Release|x64.ActiveCfg = Release|x64
		{49596DDD-7EF5-4545-BFFA-1728E224FC64}.Release|x64.Build.0 = Release|x64
		{49596DDD-7EF5-4545-BFFA-1728E224FC64}.Release|x86.ActiveCfg = Release|Win32
		{49596DDD-7EF5-4545-BFFA-1728E224FC64}.Release|x86.Build.0 = Release|Win32
		{2AB8A43A-4343-49A6-8B45-9F7F285F8DF1}.Debug|x64.ActiveCfg = Debug|x64
		{2AB8A43A-4343-49A6-8B45-9F7F285F8DF1}.Debug|x64.Build.0 = Debug|x64
		{2AB8A43A-4343-49A6-8B45-9F7F285F8DF1}.Debug|x86.ActiveCfg = Debug|Win32
		{2AB8A43A-4343-49A6-8B45-9F7F285F8DF1}.Debug|x86.Build.0 = Debug|Win32
		{2AB8A43A-4343-49A6-8B45-9F7F285F8DF1}.Release|x64.ActiveCfg = Release|x64
		{2AB8A43A-4343-49A6-8B45-9F7F285F8DF1}.Release|x64.Build.0 = Release|x64
		{2AB8A43A-4343-49A6-8B45-9F7F285F8DF1}.Release|x86.ActiveCfg = Release|Win32
		{2AB8A43A-4343-49A6-8B45-9F7F285F8DF1}.Release|x86.Build.0 = Release|Win32
	EndGlobalSection
	GlobalSection(SolutionProperties) = preSolution
		HideSolutionNode = FALSE
	EndGlobalSection
	GlobalSection(ExtensibilityGlobals) = postSolution
		SolutionGuid = {01868B5B-EF71-4799-9542-B19A50F429EC}
	EndGlobalSection
EndGlobal
